
Microsoft Visual Studio Solution File, Format Version 12.00
# Visual Studio Version 18
VisualStudioVersion = 18.7.11925.98 stable
MinimumVisualStudioVersion = 10.0.40219.1
Project("{9A19103F-16F7-4668-BE54-9A1E7A4F7556}") = "SkiaMonoGameRendering", "src\SkiaMonoGameRendering\SkiaMonoGameRendering.csproj", "{64CF3802-6F5E-43EA-B320-EBB6A7D39A59}"
EndProject
Project("{9A19103F-16F7-4668-BE54-9A1E7A4F7556}") = "Test", "samples\Test\Test.csproj", "{30B7AFD0-C922-4213-B284-5A4E1AB2E532}"
EndProject
Project("{FAE04EC0-301F-11D3-BF4B-00C04F79EFBC}") = "SkiaMonoGameRendering.WindowsDX", "src\SkiaMonoGameRendering.WindowsDX\SkiaMonoGameRendering.WindowsDX.csproj", "{6ADB14ED-C11E-433D-A825-E101A0AD4C34}"
EndProject
Project("{FAE04EC0-301F-11D3-BF4B-00C04F79EFBC}") = "Sample.MonoGame.DesktopGL", "samples\Sample.MonoGame.DesktopGL\Sample.MonoGame.DesktopGL.csproj", "{974BEA10-07E8-407A-A228-6C407009CBDF}"
EndProject
Project("{FAE04EC0-301F-11D3-BF4B-00C04F79EFBC}") = "Sample.MonoGame.WindowsDX", "samples\Sample.MonoGame.WindowsDX\Sample.MonoGame.WindowsDX.csproj", "{F418A209-7625-4B00-9EDF-0B7CB2D28BDE}"
EndProject
Project("{FAE04EC0-301F-11D3-BF4B-00C04F79EFBC}") = "Tests.Core", "tests\Tests.Core\Tests.Core.csproj", "{0A0A8971-1352-44CF-A709-3850371C0886}"
EndProject
Project("{FAE04EC0-301F-11D3-BF4B-00C04F79EFBC}") = "SkiaMonoGameRendering.Kni.WebGL", "src\SkiaMonoGameRendering.Kni.WebGL\SkiaMonoGameRendering.Kni.WebGL.csproj", "{5C24C92A-716D-49D0-A186-7A3C675B6D62}"
EndProject
Project("{FAE04EC0-301F-11D3-BF4B-00C04F79EFBC}") = "Sample.Kni.WebGL", "samples\Sample.Kni.WebGL\Sample.Kni.WebGL.csproj", "{A9DC3B8E-07B2-4E33-AE46-5CAA48447A4F}"
EndProject
Project("{FAE04EC0-301F-11D3-BF4B-00C04F79EFBC}") = "SkiaMonoGameRendering.Core.OGL", "src\SkiaMonoGameRendering.Core.OGL\SkiaMonoGameRendering.Core.OGL.csproj", "{CD623993-F43D-4A16-A10D-4F084D4E0A64}"
EndProject
Project("{FAE04EC0-301F-11D3-BF4B-00C04F79EFBC}") = "SkiaMonoGameRendering.Raylib", "src\SkiaMonoGameRendering.Raylib\SkiaMonoGameRendering.Raylib.csproj", "{417B2CA2-66A2-4684-9E9E-E1018B6FE79C}"
EndProject
Project("{FAE04EC0-301F-11D3-BF4B-00C04F79EFBC}") = "Sample.Raylib", "samples\Sample.Raylib\Sample.Raylib.csproj", "{0C5DD94D-603E-4C47-8F5E-1CFDF4503EB6}"
EndProject
Project("{FAE04EC0-301F-11D3-BF4B-00C04F79EFBC}") = "Benchmarks.ShapeRendering.DesktopGL", "benchmarks\Benchmarks.ShapeRendering.DesktopGL\Benchmarks.ShapeRendering.DesktopGL.csproj", "{1E5E339D-7E50-4DFD-8131-35B34BEAC8F8}"
EndProject
Project("{FAE04EC0-301F-11D3-BF4B-00C04F79EFBC}") = "Benchmarks.ShapeRendering.WindowsDX", "benchmarks\Benchmarks.ShapeRendering.WindowsDX\Benchmarks.ShapeRendering.WindowsDX.csproj", "{85B8C702-9B91-4FC6-B7E6-6511211E7FC9}"
EndProject
Project("{2150E333-8FDC-42A3-9474-1A3956D46DE8}") = "Benchmarks", "Benchmarks", "{987F4724-66E6-45A8-A2F1-D7FA90B61FD6}"
EndProject
Global
	GlobalSection(SolutionConfigurationPlatforms) = preSolution
		Debug|Any CPU = Debug|Any CPU
		Debug|x64 = Debug|x64
		Debug|x86 = Debug|x86
		Debug2|Any CPU = Debug2|Any CPU
		Debug2|x64 = Debug2|x64
		Debug2|x86 = Debug2|x86
		Release|Any CPU = Release|Any CPU
		Release|x64 = Release|x64
		Release|x86 = Release|x86
	EndGlobalSection
	GlobalSection(ProjectConfigurationPlatforms) = postSolution
		{64CF3802-6F5E-43EA-B320-EBB6A7D39A59}.Debug|Any CPU.ActiveCfg = Debug|Any CPU
		{64CF3802-6F5E-43EA-B320-EBB6A7D39A59}.Debug|Any CPU.Build.0 = Debug|Any CPU
		{64CF3802-6F5E-43EA-B320-EBB6A7D39A59}.Debug|x64.ActiveCfg = Debug|Any CPU
		{64CF3802-6F5E-43EA-B320-EBB6A7D39A59}.Debug|x64.Build.0 = Debug|Any CPU
		{64CF3802-6F5E-43EA-B320-EBB6A7D39A59}.Debug|x86.ActiveCfg = Debug|Any CPU
		{64CF3802-6F5E-43EA-B320-EBB6A7D39A59}.Debug|x86.Build.0 = Debug|Any CPU
		{64CF3802-6F5E-43EA-B320-EBB6A7D39A59}.Debug2|Any CPU.ActiveCfg = Debug|Any CPU
		{64CF3802-6F5E-43EA-B320-EBB6A7D39A59}.Debug2|Any CPU.Build.0 = Debug|Any CPU
		{64CF3802-6F5E-43EA-B320-EBB6A7D39A59}.Debug2|x64.ActiveCfg = Debug2|Any CPU
		{64CF3802-6F5E-43EA-B320-EBB6A7D39A59}.Debug2|x64.Build.0 = Debug2|Any CPU
		{64CF3802-6F5E-43EA-B320-EBB6A7D39A59}.Debug2|x86.ActiveCfg = Debug2|Any CPU
		{64CF3802-6F5E-43EA-B320-EBB6A7D39A59}.Debug2|x86.Build.0 = Debug2|Any CPU
		{64CF3802-6F5E-43EA-B320-EBB6A7D39A59}.Release|Any CPU.ActiveCfg = Release|Any CPU
		{64CF3802-6F5E-43EA-B320-EBB6A7D39A59}.Release|Any CPU.Build.0 = Release|Any CPU
		{64CF3802-6F5E-43EA-B320-EBB6A7D39A59}.Release|x64.ActiveCfg = Release|Any CPU
		{64CF3802-6F5E-43EA-B320-EBB6A7D39A59}.Release|x64.Build.0 = Release|Any CPU
		{64CF3802-6F5E-43EA-B320-EBB6A7D39A59}.Release|x86.ActiveCfg = Release|Any CPU
		{64CF3802-6F5E-43EA-B320-EBB6A7D39A59}.Release|x86.Build.0 = Release|Any CPU
		{30B7AFD0-C922-4213-B284-5A4E1AB2E532}.Debug|Any CPU.ActiveCfg = Debug|Any CPU
		{30B7AFD0-C922-4213-B284-5A4E1AB2E532}.Debug|Any CPU.Build.0 = Debug|Any CPU
		{30B7AFD0-C922-4213-B284-5A4E1AB2E532}.Debug|x64.ActiveCfg = Debug|Any CPU
		{30B7AFD0-C922-4213-B284-5A4E1AB2E532}.Debug|x64.Build.0 = Debug|Any CPU
		{30B7AFD0-C922-4213-B284-5A4E1AB2E532}.Debug|x86.ActiveCfg = Debug|Any CPU
		{30B7AFD0-C922-4213-B284-5A4E1AB2E532}.Debug|x86.Build.0 = Debug|Any CPU
		{30B7AFD0-C922-4213-B284-5A4E1AB2E532}.Debug2|Any CPU.ActiveCfg = Debug|Any CPU
		{30B7AFD0-C922-4213-B284-5A4E1AB2E532}.Debug2|Any CPU.Build.0 = Debug|Any CPU
		{30B7AFD0-C922-4213-B284-5A4E1AB2E532}.Debug2|x64.ActiveCfg = Debug2|Any CPU
		{30B7AFD0-C922-4213-B284-5A4E1AB2E532}.Debug2|x64.Build.0 = Debug2|Any CPU
		{30B7AFD0-C922-4213-B284-5A4E1AB2E532}.Debug2|x86.ActiveCfg = Debug2|Any CPU
		{30B7AFD0-C922-4213-B284-5A4E1AB2E532}.Debug2|x86.Build.0 = Debug2|Any CPU
		{30B7AFD0-C922-4213-B284-5A4E1AB2E532}.Release|Any CPU.ActiveCfg = Release|Any CPU
		{30B7AFD0-C922-4213-B284-5A4E1AB2E532}.Release|Any CPU.Build.0 = Release|Any CPU
		{30B7AFD0-C922-4213-B284-5A4E1AB2E532}.Release|x64.ActiveCfg = Release|Any CPU
		{30B7AFD0-C922-4213-B284-5A4E1AB2E532}.Release|x64.Build.0 = Release|Any CPU
		{30B7AFD0-C922-4213-B284-5A4E1AB2E532}.Release|x86.ActiveCfg = Release|Any CPU
		{30B7AFD0-C922-4213-B284-5A4E1AB2E532}.Release|x86.Build.0 = Release|Any CPU
		{6ADB14ED-C11E-433D-A825-E101A0AD4C34}.Debug|Any CPU.ActiveCfg = Debug|Any CPU
		{6ADB14ED-C11E-433D-A825-E101A0AD4C34}.Debug|Any CPU.Build.0 = Debug|Any CPU
		{6ADB14ED-C11E-433D-A825-E101A0AD4C34}.Debug|x64.ActiveCfg = Debug|Any CPU
		{6ADB14ED-C11E-433D-A825-E101A0AD4C34}.Debug|x64.Build.0 = Debug|Any CPU
		{6ADB14ED-C11E-433D-A825-E101A0AD4C34}.Debug|x86.ActiveCfg = Debug|Any CPU
		{6ADB14ED-C11E-433D-A825-E101A0AD4C34}.Debug|x86.Build.0 = Debug|Any CPU
		{6ADB14ED-C11E-433D-A825-E101A0AD4C34}.Debug2|Any CPU.ActiveCfg = Debug|Any CPU
		{6ADB14ED-C11E-433D-A825-E101A0AD4C34}.Debug2|Any CPU.Build.0 = Debug|Any CPU
		{6ADB14ED-C11E-433D-A825-E101A0AD4C34}.Debug2|x64.ActiveCfg = Debug|Any CPU
		{6ADB14ED-C11E-433D-A825-E101A0AD4C34}.Debug2|x64.Build.0 = Debug|Any CPU
		{6ADB14ED-C11E-433D-A825-E101A0AD4C34}.Debug2|x86.ActiveCfg = Debug|Any CPU
		{6ADB14ED-C11E-433D-A825-E101A0AD4C34}.Debug2|x86.Build.0 = Debug|Any CPU
		{6ADB14ED-C11E-433D-A825-E101A0AD4C34}.Release|Any CPU.ActiveCfg = Release|Any CPU
		{6ADB14ED-C11E-433D-A825-E101A0AD4C34}.Release|Any CPU.Build.0 = Release|Any CPU
		{6ADB14ED-C11E-433D-A825-E101A0AD4C34}.Release|x64.ActiveCfg = Release|Any CPU
		{6ADB14ED-C11E-433D-A825-E101A0AD4C34}.Release|x64.Build.0 = Release|Any CPU
		{6ADB14ED-C11E-433D-A825-E101A0AD4C34}.Release|x86.ActiveCfg = Release|Any CPU
		{6ADB14ED-C11E-433D-A825-E101A0AD4C34}.Release|x86.Build.0 = Release|Any CPU
		{974BEA10-07E8-407A-A228-6C407009CBDF}.Debug|Any CPU.ActiveCfg = Debug|Any CPU
		{974BEA10-07E8-407A-A228-6C407009CBDF}.Debug|Any CPU.Build.0 = Debug|Any CPU
		{974BEA10-07E8-407A-A228-6C407009CBDF}.Debug|x64.ActiveCfg = Debug|Any CPU
		{974BEA10-07E8-407A-A228-6C407009CBDF}.Debug|x64.Build.0 = Debug|Any CPU
		{974BEA10-07E8-407A-A228-6C407009CBDF}.Debug|x86.ActiveCfg = Debug|Any CPU
		{974BEA10-07E8-407A-A228-6C407009CBDF}.Debug|x86.Build.0 = Debug|Any CPU
		{974BEA10-07E8-407A-A228-6C407009CBDF}.Debug2|Any CPU.ActiveCfg = Debug|Any CPU
		{974BEA10-07E8-407A-A228-6C407009CBDF}.Debug2|Any CPU.Build.0 = Debug|Any CPU
		{974BEA10-07E8-407A-A228-6C407009CBDF}.Debug2|x64.ActiveCfg = Debug|Any CPU
		{974BEA10-07E8-407A-A228-6C407009CBDF}.Debug2|x64.Build.0 = Debug|Any CPU
		{974BEA10-07E8-407A-A228-6C407009CBDF}.Debug2|x86.ActiveCfg = Debug|Any CPU
		{974BEA10-07E8-407A-A228-6C407009CBDF}.Debug2|x86.Build.0 = Debug|Any CPU
		{974BEA10-07E8-407A-A228-6C407009CBDF}.Release|Any CPU.ActiveCfg = Release|Any CPU
		{974BEA10-07E8-407A-A228-6C407009CBDF}.Release|Any CPU.Build.0 = Release|Any CPU
		{974BEA10-07E8-407A-A228-6C407009CBDF}.Release|x64.ActiveCfg = Release|Any CPU
		{974BEA10-07E8-407A-A228-6C407009CBDF}.Release|x64.Build.0 = Release|Any CPU
		{974BEA10-07E8-407A-A228-6C407009CBDF}.Release|x86.ActiveCfg = Release|Any CPU
		{974BEA10-07E8-407A-A228-6C407009CBDF}.Release|x86.Build.0 = Release|Any CPU
		{F418A209-7625-4B00-9EDF-0B7CB2D28BDE}.Debug|Any CPU.ActiveCfg = Debug|Any CPU
		{F418A209-7625-4B00-9EDF-0B7CB2D28BDE}.Debug|Any CPU.Build.0 = Debug|Any CPU
		{F418A209-7625-4B00-9EDF-0B7CB2D28BDE}.Debug|x64.ActiveCfg = Debug|Any CPU
		{F418A209-7625-4B00-9EDF-0B7CB2D28BDE}.Debug|x64.Build.0 = Debug|Any CPU
		{F418A209-7625-4B00-9EDF-0B7CB2D28BDE}.Debug|x86.ActiveCfg = Debug|Any CPU
		{F418A209-7625-4B00-9EDF-0B7CB2D28BDE}.Debug|x86.Build.0 = Debug|Any CPU
		{F418A209-7625-4B00-9EDF-0B7CB2D28BDE}.Debug2|Any CPU.ActiveCfg = Debug|Any CPU
		{F418A209-7625-4B00-9EDF-0B7CB2D28BDE}.Debug2|Any CPU.Build.0 = Debug|Any CPU
		{F418A209-7625-4B00-9EDF-0B7CB2D28BDE}.Debug2|x64.ActiveCfg = Debug|Any CPU
		{F418A209-7625-4B00-9EDF-0B7CB2D28BDE}.Debug2|x64.Build.0 = Debug|Any CPU
		{F418A209-7625-4B00-9EDF-0B7CB2D28BDE}.Debug2|x86.ActiveCfg = Debug|Any CPU
		{F418A209-7625-4B00-9EDF-0B7CB2D28BDE}.Debug2|x86.Build.0 = Debug|Any CPU
		{F418A209-7625-4B00-9EDF-0B7CB2D28BDE}.Release|Any CPU.ActiveCfg = Release|Any CPU
		{F418A209-7625-4B00-9EDF-0B7CB2D28BDE}.Release|Any CPU.Build.0 = Release|Any CPU
		{F418A209-7625-4B00-9EDF-0B7CB2D28BDE}.Release|x64.ActiveCfg = Release|Any CPU
		{F418A209-7625-4B00-9EDF-0B7CB2D28BDE}.Release|x64.Build.0 = Release|Any CPU
		{F418A209-7625-4B00-9EDF-0B7CB2D28BDE}.Release|x86.ActiveCfg = Release|Any CPU
		{F418A209-7625-4B00-9EDF-0B7CB2D28BDE}.Release|x86.Build.0 = Release|Any CPU
		{0A0A8971-1352-44CF-A709-3850371C0886}.Debug|Any CPU.ActiveCfg = Debug|Any CPU
		{0A0A8971-1352-44CF-A709-3850371C0886}.Debug|Any CPU.Build.0 = Debug|Any CPU
		{0A0A8971-1352-44CF-A709-3850371C0886}.Debug|x64.ActiveCfg = Debug|Any CPU
		{0A0A8971-1352-44CF-A709-3850371C0886}.Debug|x64.Build.0 = Debug|Any CPU
		{0A0A8971-1352-44CF-A709-3850371C0886}.Debug|x86.ActiveCfg = Debug|Any CPU
		{0A0A8971-1352-44CF-A709-3850371C0886}.Debug|x86.Build.0 = Debug|Any CPU
		{0A0A8971-1352-44CF-A709-3850371C0886}.Debug2|Any CPU.ActiveCfg = Debug|Any CPU
		{0A0A8971-1352-44CF-A709-3850371C0886}.Debug2|Any CPU.Build.0 = Debug|Any CPU
		{0A0A8971-1352-44CF-A709-3850371C0886}.Debug2|x64.ActiveCfg = Debug|Any CPU
		{0A0A8971-1352-44CF-A709-3850371C0886}.Debug2|x64.Build.0 = Debug|Any CPU
		{0A0A8971-1352-44CF-A709-3850371C0886}.Debug2|x86.ActiveCfg = Debug|Any CPU
		{0A0A8971-1352-44CF-A709-3850371C0886}.Debug2|x86.Build.0 = Debug|Any CPU
		{0A0A8971-1352-44CF-A709-3850371C0886}.Release|Any CPU.ActiveCfg = Release|Any CPU
		{0A0A8971-1352-44CF-A709-3850371C0886}.Release|Any CPU.Build.0 = Release|Any CPU
		{0A0A8971-1352-44CF-A709-3850371C0886}.Release|x64.ActiveCfg = Release|Any CPU
		{0A0A8971-1352-44CF-A709-3850371C0886}.Release|x64.Build.0 = Release|Any CPU
		{0A0A8971-1352-44CF-A709-3850371C0886}.Release|x86.ActiveCfg = Release|Any CPU
		{0A0A8971-1352-44CF-A709-3850371C0886}.Release|x86.Build.0 = Release|Any CPU
		{5C24C92A-716D-49D0-A186-7A3C675B6D62}.Debug|Any CPU.ActiveCfg = Debug|Any CPU
		{5C24C92A-716D-49D0-A186-7A3C675B6D62}.Debug|Any CPU.Build.0 = Debug|Any CPU
		{5C24C92A-716D-49D0-A186-7A3C675B6D62}.Debug|x64.ActiveCfg = Debug|Any CPU
		{5C24C92A-716D-49D0-A186-7A3C675B6D62}.Debug|x64.Build.0 = Debug|Any CPU
		{5C24C92A-716D-49D0-A186-7A3C675B6D62}.Debug|x86.ActiveCfg = Debug|Any CPU
		{5C24C92A-716D-49D0-A186-7A3C675B6D62}.Debug|x86.Build.0 = Debug|Any CPU
		{5C24C92A-716D-49D0-A186-7A3C675B6D62}.Debug2|Any CPU.ActiveCfg = Debug|Any CPU
		{5C24C92A-716D-49D0-A186-7A3C675B6D62}.Debug2|Any CPU.Build.0 = Debug|Any CPU
		{5C24C92A-716D-49D0-A186-7A3C675B6D62}.Debug2|x64.ActiveCfg = Debug|Any CPU
		{5C24C92A-716D-49D0-A186-7A3C675B6D62}.Debug2|x64.Build.0 = Debug|Any CPU
		{5C24C92A-716D-49D0-A186-7A3C675B6D62}.Debug2|x86.ActiveCfg = Debug|Any CPU
		{5C24C92A-716D-49D0-A186-7A3C675B6D62}.Debug2|x86.Build.0 = Debug|Any CPU
		{5C24C92A-716D-49D0-A186-7A3C675B6D62}.Release|Any CPU.ActiveCfg = Release|Any CPU
		{5C24C92A-716D-49D0-A186-7A3C675B6D62}.Release|Any CPU.Build.0 = Release|Any CPU
		{5C24C92A-716D-49D0-A186-7A3C675B6D62}.Release|x64.ActiveCfg = Release|Any CPU
		{5C24C92A-716D-49D0-A186-7A3C675B6D62}.Release|x64.Build.0 = Release|Any CPU
		{5C24C92A-716D-49D0-A186-7A3C675B6D62}.Release|x86.ActiveCfg = Release|Any CPU
		{5C24C92A-716D-49D0-A186-7A3C675B6D62}.Release|x86.Build.0 = Release|Any CPU
		{A9DC3B8E-07B2-4E33-AE46-5CAA48447A4F}.Debug|Any CPU.ActiveCfg = Debug|Any CPU
		{A9DC3B8E-07B2-4E33-AE46-5CAA48447A4F}.Debug|Any CPU.Build.0 = Debug|Any CPU
		{A9DC3B8E-07B2-4E33-AE46-5CAA48447A4F}.Debug|x64.ActiveCfg = Debug|Any CPU
		{A9DC3B8E-07B2-4E33-AE46-5CAA48447A4F}.Debug|x64.Build.0 = Debug|Any CPU
		{A9DC3B8E-07B2-4E33-AE46-5CAA48447A4F}.Debug|x86.ActiveCfg = Debug|Any CPU
		{A9DC3B8E-07B2-4E33-AE46-5CAA48447A4F}.Debug|x86.Build.0 = Debug|Any CPU
		{A9DC3B8E-07B2-4E33-AE46-5CAA48447A4F}.Debug2|Any CPU.ActiveCfg = Debug|Any CPU
		{A9DC3B8E-07B2-4E33-AE46-5CAA48447A4F}.Debug2|Any CPU.Build.0 = Debug|Any CPU
		{A9DC3B8E-07B2-4E33-AE46-5CAA48447A4F}.Debug2|x64.ActiveCfg = Debug|Any CPU
		{A9DC3B8E-07B2-4E33-AE46-5CAA48447A4F}.Debug2|x64.Build.0 = Debug|Any CPU
		{A9DC3B8E-07B2-4E33-AE46-5CAA48447A4F}.Debug2|x86.ActiveCfg = Debug|Any CPU
		{A9DC3B8E-07B2-4E33-AE46-5CAA48447A4F}.Debug2|x86.Build.0 = Debug|Any CPU
		{A9DC3B8E-07B2-4E33-AE46-5CAA48447A4F}.Release|Any CPU.ActiveCfg = Release|Any CPU
		{A9DC3B8E-07B2-4E33-AE46-5CAA48447A4F}.Release|Any CPU.Build.0 = Release|Any CPU
		{A9DC3B8E-07B2-4E33-AE46-5CAA48447A4F}.Release|x64.ActiveCfg = Release|Any CPU
		{A9DC3B8E-07B2-4E33-AE46-5CAA48447A4F}.Release|x64.Build.0 = Release|Any CPU
		{A9DC3B8E-07B2-4E33-AE46-5CAA48447A4F}.Release|x86.ActiveCfg = Release|Any CPU
		{A9DC3B8E-07B2-4E33-AE46-5CAA48447A4F}.Release|x86.Build.0 = Release|Any CPU
		{CD623993-F43D-4A16-A10D-4F084D4E0A64}.Debug|Any CPU.ActiveCfg = Debug|Any CPU
		{CD623993-F43D-4A16-A10D-4F084D4E0A64}.Debug|Any CPU.Build.0 = Debug|Any CPU
		{CD623993-F43D-4A16-A10D-4F084D4E0A64}.Debug|x64.ActiveCfg = Debug|Any CPU
		{CD623993-F43D-4A16-A10D-4F084D4E0A64}.Debug|x64.Build.0 = Debug|Any CPU
		{CD623993-F43D-4A16-A10D-4F084D4E0A64}.Debug|x86.ActiveCfg = Debug|Any CPU
		{CD623993-F43D-4A16-A10D-4F084D4E0A64}.Debug|x86.Build.0 = Debug|Any CPU
		{CD623993-F43D-4A16-A10D-4F084D4E0A64}.Debug2|Any CPU.ActiveCfg = Debug|Any CPU
		{CD623993-F43D-4A16-A10D-4F084D4E0A64}.Debug2|Any CPU.Build.0 = Debug|Any CPU
		{CD623993-F43D-4A16-A10D-4F084D4E0A64}.Debug2|x64.ActiveCfg = Debug|Any CPU
		{CD623993-F43D-4A16-A10D-4F084D4E0A64}.Debug2|x64.Build.0 = Debug|Any CPU
		{CD623993-F43D-4A16-A10D-4F084D4E0A64}.Debug2|x86.ActiveCfg = Debug|Any CPU
		{CD623993-F43D-4A16-A10D-4F084D4E0A64}.Debug2|x86.Build.0 = Debug|Any CPU
		{CD623993-F43D-4A16-A10D-4F084D4E0A64}.Release|Any CPU.ActiveCfg = Release|Any CPU
		{CD623993-F43D-4A16-A10D-4F084D4E0A64}.Release|Any CPU.Build.0 = Release|Any CPU
		{CD623993-F43D-4A16-A10D-4F084D4E0A64}.Release|x64.ActiveCfg = Release|Any CPU
		{CD623993-F43D-4A16-A10D-4F084D4E0A64}.Release|x64.Build.0 = Release|Any CPU
		{CD623993-F43D-4A16-A10D-4F084D4E0A64}.Release|x86.ActiveCfg = Release|Any CPU
		{CD623993-F43D-4A16-A10D-4F084D4E0A64}.Release|x86.Build.0 = Release|Any CPU
		{417B2CA2-66A2-4684-9E9E-E1018B6FE79C}.Debug|Any CPU.ActiveCfg = Debug|Any CPU
		{417B2CA2-66A2-4684-9E9E-E1018B6FE79C}.Debug|Any CPU.Build.0 = Debug|Any CPU
		{417B2CA2-66A2-4684-9E9E-E1018B6FE79C}.Debug|x64.ActiveCfg = Debug|Any CPU
		{417B2CA2-66A2-4684-9E9E-E1018B6FE79C}.Debug|x64.Build.0 = Debug|Any CPU
		{417B2CA2-66A2-4684-9E9E-E1018B6FE79C}.Debug|x86.ActiveCfg = Debug|Any CPU
		{417B2CA2-66A2-4684-9E9E-E1018B6FE79C}.Debug|x86.Build.0 = Debug|Any CPU
		{417B2CA2-66A2-4684-9E9E-E1018B6FE79C}.Debug2|Any CPU.ActiveCfg = Debug|Any CPU
		{417B2CA2-66A2-4684-9E9E-E1018B6FE79C}.Debug2|Any CPU.Build.0 = Debug|Any CPU
		{417B2CA2-66A2-4684-9E9E-E1018B6FE79C}.Debug2|x64.ActiveCfg = Debug|Any CPU
		{417B2CA2-66A2-4684-9E9E-E1018B6FE79C}.Debug2|x64.Build.0 = Debug|Any CPU
		{417B2CA2-66A2-4684-9E9E-E1018B6FE79C}.Debug2|x86.ActiveCfg = Debug|Any CPU
		{417B2CA2-66A2-4684-9E9E-E1018B6FE79C}.Debug2|x86.Build.0 = Debug|Any CPU
		{417B2CA2-66A2-4684-9E9E-E1018B6FE79C}.Release|Any CPU.ActiveCfg = Release|Any CPU
		{417B2CA2-66A2-4684-9E9E-E1018B6FE79C}.Release|Any CPU.Build.0 = Release|Any CPU
		{417B2CA2-66A2-4684-9E9E-E1018B6FE79C}.Release|x64.ActiveCfg = Release|Any CPU
		{417B2CA2-66A2-4684-9E9E-E1018B6FE79C}.Release|x64.Build.0 = Release|Any CPU
		{417B2CA2-66A2-4684-9E9E-E1018B6FE79C}.Release|x86.ActiveCfg = Release|Any CPU
		{417B2CA2-66A2-4684-9E9E-E1018B6FE79C}.Release|x86.Build.0 = Release|Any CPU
		{0C5DD94D-603E-4C47-8F5E-1CFDF4503EB6}.Debug|Any CPU.ActiveCfg = Debug|Any CPU
		{0C5DD94D-603E-4C47-8F5E-1CFDF4503EB6}.Debug|Any CPU.Build.0 = Debug|Any CPU
		{0C5DD94D-603E-4C47-8F5E-1CFDF4503EB6}.Debug|x64.ActiveCfg = Debug|Any CPU
		{0C5DD94D-603E-4C47-8F5E-1CFDF4503EB6}.Debug|x64.Build.0 = Debug|Any CPU
		{0C5DD94D-603E-4C47-8F5E-1CFDF4503EB6}.Debug|x86.ActiveCfg = Debug|Any CPU
		{0C5DD94D-603E-4C47-8F5E-1CFDF4503EB6}.Debug|x86.Build.0 = Debug|Any CPU
		{0C5DD94D-603E-4C47-8F5E-1CFDF4503EB6}.Debug2|Any CPU.ActiveCfg = Debug|Any CPU
		{0C5DD94D-603E-4C47-8F5E-1CFDF4503EB6}.Debug2|Any CPU.Build.0 = Debug|Any CPU
		{0C5DD94D-603E-4C47-8F5E-1CFDF4503EB6}.Debug2|x64.ActiveCfg = Debug|Any CPU
		{0C5DD94D-603E-4C47-8F5E-1CFDF4503EB6}.Debug2|x64.Build.0 = Debug|Any CPU
		{0C5DD94D-603E-4C47-8F5E-1CFDF4503EB6}.Debug2|x86.ActiveCfg = Debug|Any CPU
		{0C5DD94D-603E-4C47-8F5E-1CFDF4503EB6}.Debug2|x86.Build.0 = Debug|Any CPU
		{0C5DD94D-603E-4C47-8F5E-1CFDF4503EB6}.Release|Any CPU.ActiveCfg = Release|Any CPU
		{0C5DD94D-603E-4C47-8F5E-1CFDF4503EB6}.Release|Any CPU.Build.0 = Release|Any CPU
		{0C5DD94D-603E-4C47-8F5E-1CFDF4503EB6}.Release|x64.ActiveCfg = Release|Any CPU
		{0C5DD94D-603E-4C47-8F5E-1CFDF4503EB6}.Release|x64.Build.0 = Release|Any CPU
		{0C5DD94D-603E-4C47-8F5E-1CFDF4503EB6}.Release|x86.ActiveCfg = Release|Any CPU
		{0C5DD94D-603E-4C47-8F5E-1CFDF4503EB6}.Release|x86.Build.0 = Release|Any CPU
		{1E5E339D-7E50-4DFD-8131-35B34BEAC8F8}.Debug|Any CPU.ActiveCfg = Debug|Any CPU
		{1E5E339D-7E50-4DFD-8131-35B34BEAC8F8}.Debug|Any CPU.Build.0 = Debug|Any CPU
		{1E5E339D-7E50-4DFD-8131-35B34BEAC8F8}.Debug|x64.ActiveCfg = Debug|Any CPU
		{1E5E339D-7E50-4DFD-8131-35B34BEAC8F8}.Debug|x64.Build.0 = Debug|Any CPU
		{1E5E339D-7E50-4DFD-8131-35B34BEAC8F8}.Debug|x86.ActiveCfg = Debug|Any CPU
		{1E5E339D-7E50-4DFD-8131-35B34BEAC8F8}.Debug|x86.Build.0 = Debug|Any CPU
		{1E5E339D-7E50-4DFD-8131-35B34BEAC8F8}.Debug2|Any CPU.ActiveCfg = Debug|Any CPU
		{1E5E339D-7E50-4DFD-8131-35B34BEAC8F8}.Debug2|Any CPU.Build.0 = Debug|Any CPU
		{1E5E339D-7E50-4DFD-8131-35B34BEAC8F8}.Debug2|x64.ActiveCfg = Debug|Any CPU
		{1E5E339D-7E50-4DFD-8131-35B34BEAC8F8}.Debug2|x64.Build.0 = Debug|Any CPU
		{1E5E339D-7E50-4DFD-8131-35B34BEAC8F8}.Debug2|x86.ActiveCfg = Debug|Any CPU
		{1E5E339D-7E50-4DFD-8131-35B34BEAC8F8}.Debug2|x86.Build.0 = Debug|Any CPU
		{1E5E339D-7E50-4DFD-8131-35B34BEAC8F8}.Release|Any CPU.ActiveCfg = Release|Any CPU
		{1E5E339D-7E50-4DFD-8131-35B34BEAC8F8}.Release|Any CPU.Build.0 = Release|Any CPU
		{1E5E339D-7E50-4DFD-8131-35B34BEAC8F8}.Release|x64.ActiveCfg = Release|Any CPU
		{1E5E339D-7E50-4DFD-8131-35B34BEAC8F8}.Release|x64.Build.0 = Release|Any CPU
		{1E5E339D-7E50-4DFD-8131-35B34BEAC8F8}.Release|x86.ActiveCfg = Release|Any CPU
		{1E5E339D-7E50-4DFD-8131-35B34BEAC8F8}.Release|x86.Build.0 = Release|Any CPU
		{85B8C702-9B91-4FC6-B7E6-6511211E7FC9}.Debug|Any CPU.ActiveCfg = Debug|Any CPU
		{85B8C702-9B91-4FC6-B7E6-6511211E7FC9}.Debug|Any CPU.Build.0 = Debug|Any CPU
		{85B8C702-9B91-4FC6-B7E6-6511211E7FC9}.Debug|x64.ActiveCfg = Debug|Any CPU
		{85B8C702-9B91-4FC6-B7E6-6511211E7FC9}.Debug|x64.Build.0 = Debug|Any CPU
		{85B8C702-9B91-4FC6-B7E6-6511211E7FC9}.Debug|x86.ActiveCfg = Debug|Any CPU
		{85B8C702-9B91-4FC6-B7E6-6511211E7FC9}.Debug|x86.Build.0 = Debug|Any CPU
		{85B8C702-9B91-4FC6-B7E6-6511211E7FC9}.Debug2|Any CPU.ActiveCfg = Debug|Any CPU
		{85B8C702-9B91-4FC6-B7E6-6511211E7FC9}.Debug2|Any CPU.Build.0 = Debug|Any CPU
		{85B8C702-9B91-4FC6-B7E6-6511211E7FC9}.Debug2|x64.ActiveCfg = Debug|Any CPU
		{85B8C702-9B91-4FC6-B7E6-6511211E7FC9}.Debug2|x64.Build.0 = Debug|Any CPU
		{85B8C702-9B91-4FC6-B7E6-6511211E7FC9}.Debug2|x86.ActiveCfg = Debug|Any CPU
		{85B8C702-9B91-4FC6-B7E6-6511211E7FC9}.Debug2|x86.Build.0 = Debug|Any CPU
		{85B8C702-9B91-4FC6-B7E6-6511211E7FC9}.Release|Any CPU.ActiveCfg = Release|Any CPU
		{85B8C702-9B91-4FC6-B7E6-6511211E7FC9}.Release|Any CPU.Build.0 = Release|Any CPU
		{85B8C702-9B91-4FC6-B7E6-6511211E7FC9}.Release|x64.ActiveCfg = Release|Any CPU
		{85B8C702-9B91-4FC6-B7E6-6511211E7FC9}.Release|x64.Build.0 = Release|Any CPU
		{85B8C702-9B91-4FC6-B7E6-6511211E7FC9}.Release|x86.ActiveCfg = Release|Any CPU
		{85B8C702-9B91-4FC6-B7E6-6511211E7FC9}.Release|x86.Build.0 = Release|Any CPU
	EndGlobalSection
	GlobalSection(SolutionProperties) = preSolution
		HideSolutionNode = FALSE
	EndGlobalSection
	GlobalSection(NestedProjects) = preSolution
		{1E5E339D-7E50-4DFD-8131-35B34BEAC8F8} = {987F4724-66E6-45A8-A2F1-D7FA90B61FD6}
		{85B8C702-9B91-4FC6-B7E6-6511211E7FC9} = {987F4724-66E6-45A8-A2F1-D7FA90B61FD6}
	EndGlobalSection
	GlobalSection(ExtensibilityGlobals) = postSolution
		SolutionGuid = {19F0E96B-A930-4730-AD7A-3E93D29343B5}
	EndGlobalSection
EndGlobal
